
Microsoft Visual Studio Solution File, Format Version 12.00
# Visual Studio 15
VisualStudioVersion = 15.0.27428.2027
MinimumVisualStudioVersion = 10.0.40219.1
Project("{FAE04EC0-301F-11D3-BF4B-00C04F79EFBC}") = "TestCascadedDelete", "TestCascadedDelete\TestCascadedDelete.csproj", "{7A43B3A4-BA9A-4C84-8119-ACCC8B89E8F5}"
EndProject
Global
	GlobalSection(SolutionConfigurationPlatforms) = preSolution
		Debug|Any CPU = Debug|Any CPU
		Release|Any CPU = Release|Any CPU
	EndGlobalSection
	GlobalSection(ProjectConfigurationPlatforms) = postSolution
		{7A43B3A4-BA9A-4C84-8119-ACCC8B89E8F5}.Debug|Any CPU.ActiveCfg = Debug|Any CPU
		{7A43B3A4-BA9A-4C84-8119-ACCC8B89E8F5}.Debug|Any CPU.Build.0 = Debug|Any CPU
		{7A43B3A4-BA9A-4C84-8119-ACCC8B89E8F5}.Release|Any CPU.ActiveCfg = Release|Any CPU
		{7A43B3A4-BA9A-4C84-8119-ACCC8B89E8F5}.Release|Any CPU.Build.0 = Release|Any CPU
	EndGlobalSection
	GlobalSection(SolutionProperties) = preSolution
		HideSolutionNode = FALSE
	EndGlobalSection
	GlobalSection(ExtensibilityGlobals) = postSolution
		SolutionGuid = {D17F3897-5F87-43D1-AC0F-BCAAC4097A0B}
	EndGlobalSection
EndGlobal
